// !$*UTF8*$!
{
	archiveVersion = 1;
	classes = {
	};
	objectVersion = 46;
	objects = {

/* Begin PBXBuildFile section */
		8B08A3CD1E43B82F0072A9C5 /* PokeCell.swift in Sources */ = {isa = PBXBuildFile; fileRef = 8B08A3CC1E43B82F0072A9C5 /* PokeCell.swift */; };
		8B08A3CF1E43BF980072A9C5 /* csv.swift in Sources */ = {isa = PBXBuildFile; fileRef = 8B08A3CE1E43BF980072A9C5 /* csv.swift */; };
		8B08A3D11E43D85B0072A9C5 /* Pokemon.ttf in Resources */ = {isa = PBXBuildFile; fileRef = 8B08A3D01E43D85B0072A9C5 /* Pokemon.ttf */; };
		8B08A3D61E43DA560072A9C5 /* music.png in Resources */ = {isa = PBXBuildFile; fileRef = 8B08A3D51E43DA560072A9C5 /* music.png */; };
		8B08A3D81E43DA5B0072A9C5 /* music.mp3 in Resources */ = {isa = PBXBuildFile; fileRef = 8B08A3D71E43DA5B0072A9C5 /* music.mp3 */; };
		8B08A3DA1E443E330072A9C5 /* PokemonDetailVC.swift in Sources */ = {isa = PBXBuildFile; fileRef = 8B08A3D91E443E330072A9C5 /* PokemonDetailVC.swift */; };
		8B08A3DC1E4592660072A9C5 /* Constants.swift in Sources */ = {isa = PBXBuildFile; fileRef = 8B08A3DB1E4592660072A9C5 /* Constants.swift */; };
		8B1DBAF61E43A24B0086D838 /* AppDelegate.swift in Sources */ = {isa = PBXBuildFile; fileRef = 8B1DBAF51E43A24B0086D838 /* AppDelegate.swift */; };
		8B1DBAF81E43A24B0086D838 /* ViewController.swift in Sources */ = {isa = PBXBuildFile; fileRef = 8B1DBAF71E43A24B0086D838 /* ViewController.swift */; };
		8B1DBAFB1E43A24B0086D838 /* Main.storyboard in Resources */ = {isa = PBXBuildFile; fileRef = 8B1DBAF91E43A24B0086D838 /* Main.storyboard */; };
		8B1DBAFD1E43A24B0086D838 /* Assets.xcassets in Resources */ = {isa = PBXBuildFile; fileRef = 8B1DBAFC1E43A24B0086D838 /* Assets.xcassets */; };
		8B1DBB001E43A24B0086D838 /* LaunchScreen.storyboard in Resources */ = {isa = PBXBuildFile; fileRef = 8B1DBAFE1E43A24B0086D838 /* LaunchScreen.storyboard */; };
		8B1DBB081E43A55D0086D838 /* pokemon.csv in Resources */ = {isa = PBXBuildFile; fileRef = 8B1DBB071E43A55D0086D838 /* pokemon.csv */; };
		8B1DBB0B1E43A6450086D838 /* Pokemon.swift in Sources */ = {isa = PBXBuildFile; fileRef = 8B1DBB0A1E43A6450086D838 /* Pokemon.swift */; };
		9F53EF93D7FF2BC7AC609DEB /* Pods_Pokedex.framework in Frameworks */ = {isa = PBXBuildFile; fileRef = 2880351D4FD6376B199E38F7 /* Pods_Pokedex.framework */; };
/* End PBXBuildFile section */

/* Begin PBXFileReference section */
		2880351D4FD6376B199E38F7 /* Pods_Pokedex.framework */ = {isa = PBXFileReference; explicitFileType = wrapper.framework; includeInIndex = 0; path = Pods_Pokedex.framework; sourceTree = BUILT_PRODUCTS_DIR; };
		8B08A3CC1E43B82F0072A9C5 /* PokeCell.swift */ = {isa = PBXFileReference; fileEncoding = 4; lastKnownFileType = sourcecode.swift; path = PokeCell.swift; sourceTree = "<group>"; };
		8B08A3CE1E43BF980072A9C5 /* csv.swift */ = {isa = PBXFileReference; fileEncoding = 4; lastKnownFileType = sourcecode.swift; path = csv.swift; sourceTree = "<group>"; };
		8B08A3D01E43D85B0072A9C5 /* Pokemon.ttf */ = {isa = PBXFileReference; lastKnownFileType = file; path = Pokemon.ttf; sourceTree = "<group>"; };
		8B08A3D51E43DA560072A9C5 /* music.png */ = {isa = PBXFileReference; lastKnownFileType = image.png; path = music.png; sourceTree = "<group>"; };
		8B08A3D71E43DA5B0072A9C5 /* music.mp3 */ = {isa = PBXFileReference; lastKnownFileType = audio.mp3; path = music.mp3; sourceTree = "<group>"; };
		8B08A3D91E443E330072A9C5 /* PokemonDetailVC.swift */ = {isa = PBXFileReference; fileEncoding = 4; lastKnownFileType = sourcecode.swift; path = PokemonDetailVC.swift; sourceTree = "<group>"; };
		8B08A3DB1E4592660072A9C5 /* Constants.swift */ = {isa = PBXFileReference; fileEncoding = 4; lastKnownFileType = sourcecode.swift; path = Constants.swift; sourceTree = "<group>"; };
		8B1DBAF21E43A24B0086D838 /* Pokedex.app */ = {isa = PBXFileReference; explicitFileType = wrapper.application; includeInIndex = 0; path = Pokedex.app; sourceTree = BUILT_PRODUCTS_DIR; };
		8B1DBAF51E43A24B0086D838 /* AppDelegate.swift */ = {isa = PBXFileReference; lastKnownFileType = sourcecode.swift; path = AppDelegate.swift; sourceTree = "<group>"; };
		8B1DBAF71E43A24B0086D838 /* ViewController.swift */ = {isa = PBXFileReference; lastKnownFileType = sourcecode.swift; path = ViewController.swift; sourceTree = "<group>"; };
		8B1DBAFA1E43A24B0086D838 /* Base */ = {isa = PBXFileReference; lastKnownFileType = file.storyboard; name = Base; path = Base.lproj/Main.storyboard; sourceTree = "<group>"; };
		8B1DBAFC1E43A24B0086D838 /* Assets.xcassets */ = {isa = PBXFileReference; lastKnownFileType = folder.assetcatalog; path = Assets.xcassets; sourceTree = "<group>"; };
		8B1DBAFF1E43A24B0086D838 /* Base */ = {isa = PBXFileReference; lastKnownFileType = file.storyboard; name = Base; path = Base.lproj/LaunchScreen.storyboard; sourceTree = "<group>"; };
		8B1DBB011E43A24B0086D838 /* Info.plist */ = {isa = PBXFileReference; lastKnownFileType = text.plist.xml; path = Info.plist; sourceTree = "<group>"; };
		8B1DBB071E43A55D0086D838 /* pokemon.csv */ = {isa = PBXFileReference; fileEncoding = 4; lastKnownFileType = text; path = pokemon.csv; sourceTree = "<group>"; };
		8B1DBB0A1E43A6450086D838 /* Pokemon.swift */ = {isa = PBXFileReference; fileEncoding = 4; lastKnownFileType = sourcecode.swift; path = Pokemon.swift; sourceTree = "<group>"; };
		B0020A02FCE78EF509D1B94C /* Pods-Pokedex.release.xcconfig */ = {isa = PBXFileReference; includeInIndex = 1; lastKnownFileType = text.xcconfig; name = "Pods-Pokedex.release.xcconfig"; path = "Pods/Target Support Files/Pods-Pokedex/Pods-Pokedex.release.xcconfig"; sourceTree = "<group>"; };
		CCA23039C43B6B3BEF169748 /* Pods-Pokedex.debug.xcconfig */ = {isa = PBXFileReference; includeInIndex = 1; lastKnownFileType = text.xcconfig; name = "Pods-Pokedex.debug.xcconfig"; path = "Pods/Target Support Files/Pods-Pokedex/Pods-Pokedex.debug.xcconfig"; sourceTree = "<group>"; };
/* End PBXFileReference section */

/* Begin PBXFrameworksBuildPhase section */
		8B1DBAEF1E43A24B0086D838 /* Frameworks */ = {
			isa = PBXFrameworksBuildPhase;
			buildActionMask = 2147483647;
			files = (
				9F53EF93D7FF2BC7AC609DEB /* Pods_Pokedex.framework in Frameworks */,
			);
			runOnlyForDeploymentPostprocessing = 0;
		};
/* End PBXFrameworksBuildPhase section */

/* Begin PBXGroup section */
		05A802AC91C1085ABF7FE15F /* Frameworks */ = {
			isa = PBXGroup;
			children = (
				2880351D4FD6376B199E38F7 /* Pods_Pokedex.framework */,
			);
			name = Frameworks;
			sourceTree = "<group>";
		};
		8B08A3CB1E43B7F60072A9C5 /* View */ = {
			isa = PBXGroup;
			children = (
				8B08A3CC1E43B82F0072A9C5 /* PokeCell.swift */,
			);
			name = View;
			sourceTree = "<group>";
		};
		8B08A3D21E43D86F0072A9C5 /* Controller */ = {
			isa = PBXGroup;
			children = (
				8B1DBAF71E43A24B0086D838 /* ViewController.swift */,
				8B08A3D91E443E330072A9C5 /* PokemonDetailVC.swift */,
			);
			name = Controller;
			sourceTree = "<group>";
		};
		8B08A3D31E43D87A0072A9C5 /* Resources */ = {
			isa = PBXGroup;
			children = (
				8B08A3D01E43D85B0072A9C5 /* Pokemon.ttf */,
				8B1DBB071E43A55D0086D838 /* pokemon.csv */,
				8B08A3D71E43DA5B0072A9C5 /* music.mp3 */,
				8B08A3D51E43DA560072A9C5 /* music.png */,
			);
			name = Resources;
			sourceTree = "<group>";
		};
		8B08A3D41E43D8A00072A9C5 /* Util */ = {
			isa = PBXGroup;
			children = (
				8B08A3CE1E43BF980072A9C5 /* csv.swift */,
				8B08A3DB1E4592660072A9C5 /* Constants.swift */,
			);
			name = Util;
			sourceTree = "<group>";
		};
		8B1DBAE91E43A24B0086D838 = {
			isa = PBXGroup;
			children = (
				8B1DBAF41E43A24B0086D838 /* Pokedex */,
				8B1DBAF31E43A24B0086D838 /* Products */,
				C428B2D0747F82EA408B0666 /* Pods */,
				05A802AC91C1085ABF7FE15F /* Frameworks */,
			);
			sourceTree = "<group>";
		};
		8B1DBAF31E43A24B0086D838 /* Products */ = {
			isa = PBXGroup;
			children = (
				8B1DBAF21E43A24B0086D838 /* Pokedex.app */,
			);
			name = Products;
			sourceTree = "<group>";
		};
		8B1DBAF41E43A24B0086D838 /* Pokedex */ = {
			isa = PBXGroup;
			children = (
				8B1DBB091E43A6340086D838 /* Model */,
				8B08A3CB1E43B7F60072A9C5 /* View */,
				8B08A3D21E43D86F0072A9C5 /* Controller */,
				8B08A3D31E43D87A0072A9C5 /* Resources */,
				8B08A3D41E43D8A00072A9C5 /* Util */,
				8B1DBAF51E43A24B0086D838 /* AppDelegate.swift */,
				8B1DBAF91E43A24B0086D838 /* Main.storyboard */,
				8B1DBAFC1E43A24B0086D838 /* Assets.xcassets */,
				8B1DBAFE1E43A24B0086D838 /* LaunchScreen.storyboard */,
				8B1DBB011E43A24B0086D838 /* Info.plist */,
			);
			path = Pokedex;
			sourceTree = "<group>";
		};
		8B1DBB091E43A6340086D838 /* Model */ = {
			isa = PBXGroup;
			children = (
				8B1DBB0A1E43A6450086D838 /* Pokemon.swift */,
			);
			name = Model;
			sourceTree = "<group>";
		};
		C428B2D0747F82EA408B0666 /* Pods */ = {
			isa = PBXGroup;
			children = (
				CCA23039C43B6B3BEF169748 /* Pods-Pokedex.debug.xcconfig */,
				B0020A02FCE78EF509D1B94C /* Pods-Pokedex.release.xcconfig */,
			);
			name = Pods;
			sourceTree = "<group>";
		};
/* End PBXGroup section */

/* Begin PBXNativeTarget section */
		8B1DBAF11E43A24B0086D838 /* Pokedex */ = {
			isa = PBXNativeTarget;
			buildConfigurationList = 8B1DBB041E43A24B0086D838 /* Build configuration list for PBXNativeTarget "Pokedex" */;
			buildPhases = (
				E22D43152EC8CB6A4C3AE2F6 /* [CP] Check Pods Manifest.lock */,
				8B1DBAEE1E43A24B0086D838 /* Sources */,
				8B1DBAEF1E43A24B0086D838 /* Frameworks */,
				8B1DBAF01E43A24B0086D838 /* Resources */,
				56DB4D7D111199B8ACB9D6D0 /* [CP] Embed Pods Frameworks */,
				BB746E8DA4BD8E33FC8F490E /* [CP] Copy Pods Resources */,
			);
			buildRules = (
			);
			dependencies = (
			);
			name = Pokedex;
			productName = Pokedex;
			productReference = 8B1DBAF21E43A24B0086D838 /* Pokedex.app */;
			productType = "com.apple.product-type.application";
		};
/* End PBXNativeTarget section */

/* Begin PBXProject section */
		8B1DBAEA1E43A24B0086D838 /* Project object */ = {
			isa = PBXProject;
			attributes = {
				LastSwiftUpdateCheck = 0820;
				LastUpgradeCheck = 0820;
				ORGANIZATIONNAME = "Francely peralta";
				TargetAttributes = {
					8B1DBAF11E43A24B0086D838 = {
						CreatedOnToolsVersion = 8.2.1;
						DevelopmentTeam = E2QJTN2SNG;
						LastSwiftMigration = 0820;
						ProvisioningStyle = Automatic;
					};
				};
			};
			buildConfigurationList = 8B1DBAED1E43A24B0086D838 /* Build configuration list for PBXProject "Pokedex" */;
			compatibilityVersion = "Xcode 3.2";
			developmentRegion = English;
			hasScannedForEncodings = 0;
			knownRegions = (
				en,
				Base,
			);
			mainGroup = 8B1DBAE91E43A24B0086D838;
			productRefGroup = 8B1DBAF31E43A24B0086D838 /* Products */;
			projectDirPath = "";
			projectRoot = "";
			targets = (
				8B1DBAF11E43A24B0086D838 /* Pokedex */,
			);
		};
/* End PBXProject section */

/* Begin PBXResourcesBuildPhase section */
		8B1DBAF01E43A24B0086D838 /* Resources */ = {
			isa = PBXResourcesBuildPhase;
			buildActionMask = 2147483647;
			files = (
				8B08A3D11E43D85B0072A9C5 /* Pokemon.ttf in Resources */,
				8B1DBB001E43A24B0086D838 /* LaunchScreen.storyboard in Resources */,
				8B1DBAFD1E43A24B0086D838 /* Assets.xcassets in Resources */,
				8B1DBB081E43A55D0086D838 /* pokemon.csv in Resources */,
				8B1DBAFB1E43A24B0086D838 /* Main.storyboard in Resources */,
				8B08A3D81E43DA5B0072A9C5 /* music.mp3 in Resources */,
				8B08A3D61E43DA560072A9C5 /* music.png in Resources */,
			);
			runOnlyForDeploymentPostprocessing = 0;
		};
/* End PBXResourcesBuildPhase section */

/* Begin PBXShellScriptBuildPhase section */
		56DB4D7D111199B8ACB9D6D0 /* [CP] Embed Pods Frameworks */ = {
			isa = PBXShellScriptBuildPhase;
			buildActionMask = 2147483647;
			files = (
			);
			inputPaths = (
			);
			name = "[CP] Embed Pods Frameworks";
			outputPaths = (
			);
			runOnlyForDeploymentPostprocessing = 0;
			shellPath = /bin/sh;
			shellScript = "\"${SRCROOT}/Pods/Target Support Files/Pods-Pokedex/Pods-Pokedex-frameworks.sh\"\n";
			showEnvVarsInLog = 0;
		};
		BB746E8DA4BD8E33FC8F490E /* [CP] Copy Pods Resources */ = {
			isa = PBXShellScriptBuildPhase;
			buildActionMask = 2147483647;
			files = (
			);
			inputPaths = (
			);
			name = "[CP] Copy Pods Resources";
			outputPaths = (
			);
			runOnlyForDeploymentPostprocessing = 0;
			shellPath = /bin/sh;
			shellScript = "\"${SRCROOT}/Pods/Target Support Files/Pods-Pokedex/Pods-Pokedex-resources.sh\"\n";
			showEnvVarsInLog = 0;
		};
		E22D43152EC8CB6A4C3AE2F6 /* [CP] Check Pods Manifest.lock */ = {
			isa = PBXShellScriptBuildPhase;
			buildActionMask = 2147483647;
			files = (
			);
			inputPaths = (
			);
			name = "[CP] Check Pods Manifest.lock";
			outputPaths = (
			);
			runOnlyForDeploymentPostprocessing = 0;
			shellPath = /bin/sh;
			shellScript = "diff \"${PODS_ROOT}/../Podfile.lock\" \"${PODS_ROOT}/Manifest.lock\" > /dev/null\nif [ $? != 0 ] ; then\n    # print error to STDERR\n    echo \"error: The sandbox is not in sync with the Podfile.lock. Run 'pod install' or update your CocoaPods installation.\" >&2\n    exit 1\nfi\n";
			showEnvVarsInLog = 0;
		};
/* End PBXShellScriptBuildPhase section */

/* Begin PBXSourcesBuildPhase section */
		8B1DBAEE1E43A24B0086D838 /* Sources */ = {
			isa = PBXSourcesBuildPhase;
			buildActionMask = 2147483647;
			files = (
				8B08A3CD1E43B82F0072A9C5 /* PokeCell.swift in Sources */,
				8B1DBAF81E43A24B0086D838 /* ViewController.swift in Sources */,
				8B1DBAF61E43A24B0086D838 /* AppDelegate.swift in Sources */,
				8B08A3DA1E443E330072A9C5 /* PokemonDetailVC.swift in Sources */,
				8B08A3DC1E4592660072A9C5 /* Constants.swift in Sources */,
				8B1DBB0B1E43A6450086D838 /* Pokemon.swift in Sources */,
				8B08A3CF1E43BF980072A9C5 /* csv.swift in Sources */,
			);
			runOnlyForDeploymentPostprocessing = 0;
		};
/* End PBXSourcesBuildPhase section */

/* Begin PBXVariantGroup section */
		8B1DBAF91E43A24B0086D838 /* Main.storyboard */ = {
			isa = PBXVariantGroup;
			children = (
				8B1DBAFA1E43A24B0086D838 /* Base */,
			);
			name = Main.storyboard;
			sourceTree = "<group>";
		};
		8B1DBAFE1E43A24B0086D838 /* LaunchScreen.storyboard */ = {
			isa = PBXVariantGroup;
			children = (
				8B1DBAFF1E43A24B0086D838 /* Base */,
			);
			name = LaunchScreen.storyboard;
			sourceTree = "<group>";
		};
/* End PBXVariantGroup section */

/* Begin XCBuildConfiguration section */
		8B1DBB021E43A24B0086D838 /* Debug */ = {
			isa = XCBuildConfiguration;
			buildSettings = {
				ALWAYS_SEARCH_USER_PATHS = NO;
				CLANG_ANALYZER_NONNULL = YES;
				CLANG_CXX_LANGUAGE_STANDARD = "gnu++0x";
				CLANG_CXX_LIBRARY = "libc++";
				CLANG_ENABLE_MODULES = YES;
				CLANG_ENABLE_OBJC_ARC = YES;
				CLANG_WARN_BOOL_CONVERSION = YES;
				CLANG_WARN_CONSTANT_CONVERSION = YES;
				CLANG_WARN_DIRECT_OBJC_ISA_USAGE = YES_ERROR;
				CLANG_WARN_DOCUMENTATION_COMMENTS = YES;
				CLANG_WARN_EMPTY_BODY = YES;
				CLANG_WARN_ENUM_CONVERSION = YES;
				CLANG_WARN_INFINITE_RECURSION = YES;
				CLANG_WARN_INT_CONVERSION = YES;
				CLANG_WARN_OBJC_ROOT_CLASS = YES_ERROR;
				CLANG_WARN_SUSPICIOUS_MOVE = YES;
				CLANG_WARN_UNREACHABLE_CODE = YES;
				CLANG_WARN__DUPLICATE_METHOD_MATCH = YES;
				"CODE_SIGN_IDENTITY[sdk=iphoneos*]" = "iPhone Developer";
				COPY_PHASE_STRIP = NO;
				DEBUG_INFORMATION_FORMAT = dwarf;
				ENABLE_STRICT_OBJC_MSGSEND = YES;
				ENABLE_TESTABILITY = YES;
				GCC_C_LANGUAGE_STANDARD = gnu99;
				GCC_DYNAMIC_NO_PIC = NO;
				GCC_NO_COMMON_BLOCKS = YES;
				GCC_OPTIMIZATION_LEVEL = 0;
				GCC_PREPROCESSOR_DEFINITIONS = (
					"DEBUG=1",
					"$(inherited)",
				);
				GCC_WARN_64_TO_32_BIT_CONVERSION = YES;
				GCC_WARN_ABOUT_RETURN_TYPE = YES_ERROR;
				GCC_WARN_UNDECLARED_SELECTOR = YES;
				GCC_WARN_UNINITIALIZED_AUTOS = YES_AGGRESSIVE;
				GCC_WARN_UNUSED_FUNCTION = YES;
				GCC_WARN_UNUSED_VARIABLE = YES;
				IPHONEOS_DEPLOYMENT_TARGET = 10.2;
				MTL_ENABLE_DEBUG_INFO = YES;
				ONLY_ACTIVE_ARCH = YES;
				SDKROOT = iphoneos;
				SWIFT_ACTIVE_COMPILATION_CONDITIONS = DEBUG;
				SWIFT_OPTIMIZATION_LEVEL = "-Onone";
			};
			name = Debug;
		};
		8B1DBB031E43A24B0086D838 /* Release */ = {
			isa = XCBuildConfiguration;
			buildSettings = {
				ALWAYS_SEARCH_USER_PATHS = NO;
				CLANG_ANALYZER_NONNULL = YES;
				CLANG_CXX_LANGUAGE_STANDARD = "gnu++0x";
				CLANG_CXX_LIBRARY = "libc++";
				CLANG_ENABLE_MODULES = YES;
				CLANG_ENABLE_OBJC_ARC = YES;
				CLANG_WARN_BOOL_CONVERSION = YES;
				CLANG_WARN_CONSTANT_CONVERSION = YES;
				CLANG_WARN_DIRECT_OBJC_ISA_USAGE = YES_ERROR;
				CLANG_WARN_DOCUMENTATION_COMMENTS = YES;
				CLANG_WARN_EMPTY_BODY = YES;
				CLANG_WARN_ENUM_CONVERSION = YES;
				CLANG_WARN_INFINITE_RECURSION = YES;
				CLANG_WARN_INT_CONVERSION = YES;
				CLANG_WARN_OBJC_ROOT_CLASS = YES_ERROR;
				CLANG_WARN_SUSPICIOUS_MOVE = YES;
				CLANG_WARN_UNREACHABLE_CODE = YES;
				CLANG_WARN__DUPLICATE_METHOD_MATCH = YES;
				"CODE_SIGN_IDENTITY[sdk=iphoneos*]" = "iPhone Developer";
				COPY_PHASE_STRIP = NO;
				DEBUG_INFORMATION_FORMAT = "dwarf-with-dsym";
				ENABLE_NS_ASSERTIONS = NO;
				ENABLE_STRICT_OBJC_MSGSEND = YES;
				GCC_C_LANGUAGE_STANDARD = gnu99;
				GCC_NO_COMMON_BLOCKS = YES;
				GCC_WARN_64_TO_32_BIT_CONVERSION = YES;
				GCC_WARN_ABOUT_RETURN_TYPE = YES_ERROR;
				GCC_WARN_UNDECLARED_SELECTOR = YES;
				GCC_WARN_UNINITIALIZED_AUTOS = YES_AGGRESSIVE;
				GCC_WARN_UNUSED_FUNCTION = YES;
				GCC_WARN_UNUSED_VARIABLE = YES;
				IPHONEOS_DEPLOYMENT_TARGET = 10.2;
				MTL_ENABLE_DEBUG_INFO = NO;
				SDKROOT = iphoneos;
				SWIFT_OPTIMIZATION_LEVEL = "-Owholemodule";
				VALIDATE_PRODUCT = YES;
			};
			name = Release;
		};
		8B1DBB051E43A24B0086D838 /* Debug */ = {
			isa = XCBuildConfiguration;
			baseConfigurationReference = CCA23039C43B6B3BEF169748 /* Pods-Pokedex.debug.xcconfig */;
			buildSettings = {
				ASSETCATALOG_COMPILER_APPICON_NAME = AppIcon;
				DEVELOPMENT_TEAM = E2QJTN2SNG;
				INFOPLIST_FILE = Pokedex/Info.plist;
				LD_RUNPATH_SEARCH_PATHS = "$(inherited) @executable_path/Frameworks";
				PRODUCT_BUNDLE_IDENTIFIER = com.francelyp.Pokedex;
				PRODUCT_NAME = "$(TARGET_NAME)";
				SWIFT_VERSION = 3.0;
			};
			name = Debug;
		};
		8B1DBB061E43A24B0086D838 /* Release */ = {
			isa = XCBuildConfiguration;
			baseConfigurationReference = B0020A02FCE78EF509D1B94C /* Pods-Pokedex.release.xcconfig */;
			buildSettings = {
				ASSETCATALOG_COMPILER_APPICON_NAME = AppIcon;
				DEVELOPMENT_TEAM = E2QJTN2SNG;
				INFOPLIST_FILE = Pokedex/Info.plist;
				LD_RUNPATH_SEARCH_PATHS = "$(inherited) @executable_path/Frameworks";
				PRODUCT_BUNDLE_IDENTIFIER = com.francelyp.Pokedex;
				PRODUCT_NAME = "$(TARGET_NAME)";
				SWIFT_VERSION = 3.0;
			};
			name = Release;
		};
/* End XCBuildConfiguration section */

/* Begin XCConfigurationList section */
		8B1DBAED1E43A24B0086D838 /* Build configuration list for PBXProject "Pokedex" */ = {
			isa = XCConfigurationList;
			buildConfigurations = (
				8B1DBB021E43A24B0086D838 /* Debug */,
				8B1DBB031E43A24B0086D838 /* Release */,
			);
			defaultConfigurationIsVisible = 0;
			defaultConfigurationName = Release;
		};
		8B1DBB041E43A24B0086D838 /* Build configuration list for PBXNativeTarget "Pokedex" */ = {
			isa = XCConfigurationList;
			buildConfigurations = (
				8B1DBB051E43A24B0086D838 /* Debug */,
				8B1DBB061E43A24B0086D838 /* Release */,
			);
			defaultConfigurationIsVisible = 0;
			defaultConfigurationName = Release;
		};
/* End XCConfigurationList section */
	};
	rootObject = 8B1DBAEA1E43A24B0086D838 /* Project object */;
}
